
Microsoft Visual Studio Solution File, Format Version 12.00
# Visual Studio 14
VisualStudioVersion = 14.0.25123.0
MinimumVisualStudioVersion = 10.0.40219.1
Project("{2150E333-8FDC-42A3-9474-1A3956D46DE8}") = "src", "src", "{9DE184C2-9B3C-47DE-AEED-E7DD7E3EDBC9}"
EndProject
Project("{2150E333-8FDC-42A3-9474-1A3956D46DE8}") = "Solution Items", "Solution Items", "{2771538B-B664-4CBD-96F1-B7A5756A68A1}"
	ProjectSection(SolutionItems) = preProject
		global.json = global.json
	EndProjectSection
EndProject
Project("{8BB2217D-0F2D-49D1-97BC-3654ED321F3B}") = "LearningProject.Core", "src\LearningProject.Core\LearningProject.Core.xproj", "{EEB599F5-C5F7-4354-B392-2B10F69F452A}"
EndProject
Project("{8BB2217D-0F2D-49D1-97BC-3654ED321F3B}") = "LearningProject.Core.Service", "src\LearningProject.Core.Service\LearningProject.Core.Service.xproj", "{4DF52F56-8758-439A-8D6C-AA56128FE1EC}"
EndProject
Project("{8BB2217D-0F2D-49D1-97BC-3654ED321F3B}") = "LearningProject.Core.BusinessLogic", "src\LearningProject.Core.BusinessLogic\LearningProject.Core.BusinessLogic.xproj", "{5387C7BB-4FB9-4822-964C-11700A90D1F2}"
EndProject
Project("{8BB2217D-0F2D-49D1-97BC-3654ED321F3B}") = "LearningProject.Core.Domain", "src\LearningProject.Core.Domain\LearningProject.Core.Domain.xproj", "{25796376-D740-45AC-BC20-8A604EE1A352}"
EndProject
Global
	GlobalSection(SolutionConfigurationPlatforms) = preSolution
		Debug|Any CPU = Debug|Any CPU
		Release|Any CPU = Release|Any CPU
	EndGlobalSection
	GlobalSection(ProjectConfigurationPlatforms) = postSolution
		{EEB599F5-C5F7-4354-B392-2B10F69F452A}.Debug|Any CPU.ActiveCfg = Debug|Any CPU
		{EEB599F5-C5F7-4354-B392-2B10F69F452A}.Debug|Any CPU.Build.0 = Debug|Any CPU
		{EEB599F5-C5F7-4354-B392-2B10F69F452A}.Release|Any CPU.ActiveCfg = Release|Any CPU
		{EEB599F5-C5F7-4354-B392-2B10F69F452A}.Release|Any CPU.Build.0 = Release|Any CPU
		{4DF52F56-8758-439A-8D6C-AA56128FE1EC}.Debug|Any CPU.ActiveCfg = Debug|Any CPU
		{4DF52F56-8758-439A-8D6C-AA56128FE1EC}.Debug|Any CPU.Build.0 = Debug|Any CPU
		{4DF52F56-8758-439A-8D6C-AA56128FE1EC}.Release|Any CPU.ActiveCfg = Release|Any CPU
		{4DF52F56-8758-439A-8D6C-AA56128FE1EC}.Release|Any CPU.Build.0 = Release|Any CPU
		{5387C7BB-4FB9-4822-964C-11700A90D1F2}.Debug|Any CPU.ActiveCfg = Debug|Any CPU
		{5387C7BB-4FB9-4822-964C-11700A90D1F2}.Debug|Any CPU.Build.0 = Debug|Any CPU
		{5387C7BB-4FB9-4822-964C-11700A90D1F2}.Release|Any CPU.ActiveCfg = Release|Any CPU
		{5387C7BB-4FB9-4822-964C-11700A90D1F2}.Release|Any CPU.Build.0 = Release|Any CPU
		{25796376-D740-45AC-BC20-8A604EE1A352}.Debug|Any CPU.ActiveCfg = Debug|Any CPU
		{25796376-D740-45AC-BC20-8A604EE1A352}.Debug|Any CPU.Build.0 = Debug|Any CPU
		{25796376-D740-45AC-BC20-8A604EE1A352}.Release|Any CPU.ActiveCfg = Release|Any CPU
		{25796376-D740-45AC-BC20-8A604EE1A352}.Release|Any CPU.Build.0 = Release|Any CPU
	EndGlobalSection
	GlobalSection(SolutionProperties) = preSolution
		HideSolutionNode = FALSE
	EndGlobalSection
	GlobalSection(NestedProjects) = preSolution
		{EEB599F5-C5F7-4354-B392-2B10F69F452A} = {9DE184C2-9B3C-47DE-AEED-E7DD7E3EDBC9}
		{4DF52F56-8758-439A-8D6C-AA56128FE1EC} = {9DE184C2-9B3C-47DE-AEED-E7DD7E3EDBC9}
		{5387C7BB-4FB9-4822-964C-11700A90D1F2} = {9DE184C2-9B3C-47DE-AEED-E7DD7E3EDBC9}
		{25796376-D740-45AC-BC20-8A604EE1A352} = {9DE184C2-9B3C-47DE-AEED-E7DD7E3EDBC9}
	EndGlobalSection
	GlobalSection(TeamFoundationVersionControl) = preSolution
		SccNumberOfProjects = 5
		SccEnterpriseProvider = {4CA58AB2-18FA-4F8D-95D4-32DDF27D184C}
		SccTeamFoundationServer = https://deyanmatev.visualstudio.com/defaultcollection
		SccLocalPath0 = .
		SccProjectUniqueName1 = src\\LearningProject.Core\\LearningProject.Core.xproj
		SccProjectTopLevelParentUniqueName1 = LearningProject.Core.sln
		SccProjectName1 = src/LearningProject.Core
		SccLocalPath1 = src\\LearningProject.Core
		SccProjectUniqueName2 = src\\LearningProject.Core.Service\\LearningProject.Core.Service.xproj
		SccProjectTopLevelParentUniqueName2 = LearningProject.Core.sln
		SccProjectName2 = src/LearningProject.Core.Service
		SccLocalPath2 = src\\LearningProject.Core.Service
		SccProjectUniqueName3 = src\\LearningProject.Core.BusinessLogic\\LearningProject.Core.BusinessLogic.xproj
		SccProjectTopLevelParentUniqueName3 = LearningProject.Core.sln
		SccProjectName3 = src/LearningProject.Core.BusinessLogic
		SccLocalPath3 = src\\LearningProject.Core.BusinessLogic
		SccProjectUniqueName4 = src\\LearningProject.Core.Domain\\LearningProject.Core.Domain.xproj
		SccProjectTopLevelParentUniqueName4 = LearningProject.Core.sln
		SccProjectName4 = src/LearningProject.Core.Domain
		SccLocalPath4 = src\\LearningProject.Core.Domain
	EndGlobalSection
EndGlobal
